// !$*UTF8*$!
{
	archiveVersion = 1;
	classes = {
	};
	objectVersion = 55;
	objects = {

/* Begin PBXBuildFile section */
		2A3455AF285A7FFE00C3EA3C /* NetworkManager.swift in Sources */ = {isa = PBXBuildFile; fileRef = 2A3455AE285A7FFE00C3EA3C /* NetworkManager.swift */; };
		2A3455B1285B705200C3EA3C /* Pixabay.swift in Sources */ = {isa = PBXBuildFile; fileRef = 2A3455B0285B705200C3EA3C /* Pixabay.swift */; };
		2AEBDFA7284A48FE0009D657 /* OnboardingView.swift in Sources */ = {isa = PBXBuildFile; fileRef = 2AEBDFA6284A48FE0009D657 /* OnboardingView.swift */; };
		2AEBDFA9284A493F0009D657 /* ButtonView.swift in Sources */ = {isa = PBXBuildFile; fileRef = 2AEBDFA8284A493F0009D657 /* ButtonView.swift */; };
		2AED3FBD2850D67E006159B7 /* Bundle+Extensions.swift in Sources */ = {isa = PBXBuildFile; fileRef = 2AED3FBC2850D67E006159B7 /* Bundle+Extensions.swift */; };
		49647A01285A57A200112313 /* InfoPlist.strings in Resources */ = {isa = PBXBuildFile; fileRef = 49647A03285A57A200112313 /* InfoPlist.strings */; };
		49956BA22856003E00729618 /* TextAnimation.swift in Sources */ = {isa = PBXBuildFile; fileRef = 49956BA12856003E00729618 /* TextAnimation.swift */; };
		49A770292845926000971C6C /* NavigationRoot.swift in Sources */ = {isa = PBXBuildFile; fileRef = 49A770282845926000971C6C /* NavigationRoot.swift */; };
		B912AF1F285A068F009D51C3 /* KeywordSearchView.swift in Sources */ = {isa = PBXBuildFile; fileRef = B912AF1E285A068F009D51C3 /* KeywordSearchView.swift */; };
		B948310328462DD8003F521E /* String+Extensions.swift in Sources */ = {isa = PBXBuildFile; fileRef = B948310228462DD8003F521E /* String+Extensions.swift */; };
		B9483105284642FF003F521E /* ImagePickerView.swift in Sources */ = {isa = PBXBuildFile; fileRef = B9483104284642FF003F521E /* ImagePickerView.swift */; };
		B9B517B12852222200D481C2 /* Localizable.strings in Resources */ = {isa = PBXBuildFile; fileRef = B9B517B32852222200D481C2 /* Localizable.strings */; };
		B9F45AC8283D0CC000899706 /* AlzHelperApp.swift in Sources */ = {isa = PBXBuildFile; fileRef = B9F45AC7283D0CC000899706 /* AlzHelperApp.swift */; };
		B9F45ACA283D0CC000899706 /* ContentView.swift in Sources */ = {isa = PBXBuildFile; fileRef = B9F45AC9283D0CC000899706 /* ContentView.swift */; };
		B9F45ACC283D0CC100899706 /* Assets.xcassets in Resources */ = {isa = PBXBuildFile; fileRef = B9F45ACB283D0CC100899706 /* Assets.xcassets */; };
		B9F45ACF283D0CC100899706 /* Preview Assets.xcassets in Resources */ = {isa = PBXBuildFile; fileRef = B9F45ACE283D0CC100899706 /* Preview Assets.xcassets */; };
		B9F45ADE283D0F6500899706 /* ImagePredictor.swift in Sources */ = {isa = PBXBuildFile; fileRef = B9F45ADD283D0F6500899706 /* ImagePredictor.swift */; };
		B9F45AE1283D0F8500899706 /* CGImagePropertyOrientation+UIImageOrientation.swift in Sources */ = {isa = PBXBuildFile; fileRef = B9F45ADF283D0F8500899706 /* CGImagePropertyOrientation+UIImageOrientation.swift */; };
		B9F45AE2283D0F8500899706 /* VNClassificationObservation+confidenceString.swift in Sources */ = {isa = PBXBuildFile; fileRef = B9F45AE0283D0F8500899706 /* VNClassificationObservation+confidenceString.swift */; };
		B9F45AE4283D0FC600899706 /* MobileNet.mlmodel in Sources */ = {isa = PBXBuildFile; fileRef = B9F45AE3283D0FC600899706 /* MobileNet.mlmodel */; };
		B9F45AE72841057D00899706 /* LibraryView.swift in Sources */ = {isa = PBXBuildFile; fileRef = B9F45AE62841057D00899706 /* LibraryView.swift */; };
		B9F45AED2844AE3200899706 /* CategoryView.swift in Sources */ = {isa = PBXBuildFile; fileRef = B9F45AEC2844AE3200899706 /* CategoryView.swift */; };
		B9F45AEF2844F8F100899706 /* GuessView.swift in Sources */ = {isa = PBXBuildFile; fileRef = B9F45AEE2844F8F100899706 /* GuessView.swift */; };
		B9F45AF128451C6200899706 /* items.json in Resources */ = {isa = PBXBuildFile; fileRef = B9F45AF028451C6200899706 /* items.json */; };
		B9F45AF32845417A00899706 /* Categories.swift in Sources */ = {isa = PBXBuildFile; fileRef = B9F45AF22845417A00899706 /* Categories.swift */; };
/* End PBXBuildFile section */

/* Begin PBXFileReference section */
		2A3455AE285A7FFE00C3EA3C /* NetworkManager.swift */ = {isa = PBXFileReference; lastKnownFileType = sourcecode.swift; path = NetworkManager.swift; sourceTree = "<group>"; };
		2A3455B0285B705200C3EA3C /* Pixabay.swift */ = {isa = PBXFileReference; lastKnownFileType = sourcecode.swift; path = Pixabay.swift; sourceTree = "<group>"; };
		2AEBDFA6284A48FE0009D657 /* OnboardingView.swift */ = {isa = PBXFileReference; lastKnownFileType = sourcecode.swift; path = OnboardingView.swift; sourceTree = "<group>"; };
		2AEBDFA8284A493F0009D657 /* ButtonView.swift */ = {isa = PBXFileReference; lastKnownFileType = sourcecode.swift; path = ButtonView.swift; sourceTree = "<group>"; };
		2AED3FBC2850D67E006159B7 /* Bundle+Extensions.swift */ = {isa = PBXFileReference; lastKnownFileType = sourcecode.swift; path = "Bundle+Extensions.swift"; sourceTree = "<group>"; };
		49647A02285A57A200112313 /* en */ = {isa = PBXFileReference; lastKnownFileType = text.plist.strings; name = en; path = en.lproj/InfoPlist.strings; sourceTree = "<group>"; };
		49647A04285A57A700112313 /* it */ = {isa = PBXFileReference; lastKnownFileType = text.plist.strings; name = it; path = it.lproj/InfoPlist.strings; sourceTree = "<group>"; };
		49956BA12856003E00729618 /* TextAnimation.swift */ = {isa = PBXFileReference; lastKnownFileType = sourcecode.swift; path = TextAnimation.swift; sourceTree = "<group>"; };
		49A770282845926000971C6C /* NavigationRoot.swift */ = {isa = PBXFileReference; lastKnownFileType = sourcecode.swift; path = NavigationRoot.swift; sourceTree = "<group>"; };
		B912AF1E285A068F009D51C3 /* KeywordSearchView.swift */ = {isa = PBXFileReference; lastKnownFileType = sourcecode.swift; path = KeywordSearchView.swift; sourceTree = "<group>"; };
		B948310228462DD8003F521E /* String+Extensions.swift */ = {isa = PBXFileReference; lastKnownFileType = sourcecode.swift; path = "String+Extensions.swift"; sourceTree = "<group>"; };
		B9483104284642FF003F521E /* ImagePickerView.swift */ = {isa = PBXFileReference; fileEncoding = 4; lastKnownFileType = sourcecode.swift; path = ImagePickerView.swift; sourceTree = "<group>"; };
		B9B517B22852222200D481C2 /* en */ = {isa = PBXFileReference; lastKnownFileType = text.plist.strings; name = en; path = en.lproj/Localizable.strings; sourceTree = "<group>"; };
		B9B517B42852222400D481C2 /* it */ = {isa = PBXFileReference; lastKnownFileType = text.plist.strings; name = it; path = it.lproj/Localizable.strings; sourceTree = "<group>"; };
		B9F45AC4283D0CC000899706 /* AlzHelper.app */ = {isa = PBXFileReference; explicitFileType = wrapper.application; includeInIndex = 0; path = AlzHelper.app; sourceTree = BUILT_PRODUCTS_DIR; };
		B9F45AC7283D0CC000899706 /* AlzHelperApp.swift */ = {isa = PBXFileReference; lastKnownFileType = sourcecode.swift; path = AlzHelperApp.swift; sourceTree = "<group>"; };
		B9F45AC9283D0CC000899706 /* ContentView.swift */ = {isa = PBXFileReference; lastKnownFileType = sourcecode.swift; path = ContentView.swift; sourceTree = "<group>"; };
		B9F45ACB283D0CC100899706 /* Assets.xcassets */ = {isa = PBXFileReference; lastKnownFileType = folder.assetcatalog; path = Assets.xcassets; sourceTree = "<group>"; };
		B9F45ACE283D0CC100899706 /* Preview Assets.xcassets */ = {isa = PBXFileReference; lastKnownFileType = folder.assetcatalog; path = "Preview Assets.xcassets"; sourceTree = "<group>"; };
		B9F45ADD283D0F6500899706 /* ImagePredictor.swift */ = {isa = PBXFileReference; fileEncoding = 4; lastKnownFileType = sourcecode.swift; path = ImagePredictor.swift; sourceTree = "<group>"; };
		B9F45ADF283D0F8500899706 /* CGImagePropertyOrientation+UIImageOrientation.swift */ = {isa = PBXFileReference; fileEncoding = 4; lastKnownFileType = sourcecode.swift; path = "CGImagePropertyOrientation+UIImageOrientation.swift"; sourceTree = "<group>"; };
		B9F45AE0283D0F8500899706 /* VNClassificationObservation+confidenceString.swift */ = {isa = PBXFileReference; fileEncoding = 4; lastKnownFileType = sourcecode.swift; path = "VNClassificationObservation+confidenceString.swift"; sourceTree = "<group>"; };
		B9F45AE3283D0FC600899706 /* MobileNet.mlmodel */ = {isa = PBXFileReference; lastKnownFileType = file.mlmodel; path = MobileNet.mlmodel; sourceTree = "<group>"; };
		B9F45AE5283FBEE000899706 /* Info.plist */ = {isa = PBXFileReference; lastKnownFileType = text.plist; path = Info.plist; sourceTree = "<group>"; };
		B9F45AE62841057D00899706 /* LibraryView.swift */ = {isa = PBXFileReference; lastKnownFileType = sourcecode.swift; path = LibraryView.swift; sourceTree = "<group>"; };
		B9F45AEC2844AE3200899706 /* CategoryView.swift */ = {isa = PBXFileReference; lastKnownFileType = sourcecode.swift; path = CategoryView.swift; sourceTree = "<group>"; };
		B9F45AEE2844F8F100899706 /* GuessView.swift */ = {isa = PBXFileReference; lastKnownFileType = sourcecode.swift; path = GuessView.swift; sourceTree = "<group>"; };
		B9F45AF028451C6200899706 /* items.json */ = {isa = PBXFileReference; lastKnownFileType = text.json; path = items.json; sourceTree = "<group>"; };
		B9F45AF22845417A00899706 /* Categories.swift */ = {isa = PBXFileReference; lastKnownFileType = sourcecode.swift; path = Categories.swift; sourceTree = "<group>"; };
/* End PBXFileReference section */

/* Begin PBXFrameworksBuildPhase section */
		B9F45AC1283D0CC000899706 /* Frameworks */ = {
			isa = PBXFrameworksBuildPhase;
			buildActionMask = 2147483647;
			files = (
			);
			runOnlyForDeploymentPostprocessing = 0;
		};
/* End PBXFrameworksBuildPhase section */

/* Begin PBXGroup section */
		2AED3FB72850D4C0006159B7 /* Views */ = {
			isa = PBXGroup;
			children = (
				2AEBDFA6284A48FE0009D657 /* OnboardingView.swift */,
				B9F45AC9283D0CC000899706 /* ContentView.swift */,
				B912AF1E285A068F009D51C3 /* KeywordSearchView.swift */,
				B9F45AE62841057D00899706 /* LibraryView.swift */,
				B9F45AEC2844AE3200899706 /* CategoryView.swift */,
				B9F45AEE2844F8F100899706 /* GuessView.swift */,
				49956BA12856003E00729618 /* TextAnimation.swift */,
				2AEBDFA8284A493F0009D657 /* ButtonView.swift */,
			);
			path = Views;
			sourceTree = "<group>";
		};
		2AED3FB82850D4CD006159B7 /* Models */ = {
			isa = PBXGroup;
			children = (
				2A3455AE285A7FFE00C3EA3C /* NetworkManager.swift */,
				2A3455B0285B705200C3EA3C /* Pixabay.swift */,
				B9F45AF22845417A00899706 /* Categories.swift */,
				49A770282845926000971C6C /* NavigationRoot.swift */,
			);
			path = Models;
			sourceTree = "<group>";
		};
		2AED3FBA2850D52A006159B7 /* Data */ = {
			isa = PBXGroup;
			children = (
				B9F45AF028451C6200899706 /* items.json */,
			);
			path = Data;
			sourceTree = "<group>";
		};
		2AED3FBB2850D551006159B7 /* Extensions */ = {
			isa = PBXGroup;
			children = (
				B948310228462DD8003F521E /* String+Extensions.swift */,
				2AED3FBC2850D67E006159B7 /* Bundle+Extensions.swift */,
			);
			path = Extensions;
			sourceTree = "<group>";
		};
		B9F45ABB283D0CC000899706 = {
			isa = PBXGroup;
			children = (
				B9F45AC6283D0CC000899706 /* AlzHelper */,
				B9F45AC5283D0CC000899706 /* Products */,
			);
			sourceTree = "<group>";
		};
		B9F45AC5283D0CC000899706 /* Products */ = {
			isa = PBXGroup;
			children = (
				B9F45AC4283D0CC000899706 /* AlzHelper.app */,
			);
			name = Products;
			sourceTree = "<group>";
		};
		B9F45AC6283D0CC000899706 /* AlzHelper */ = {
			isa = PBXGroup;
			children = (
				B9F45AE5283FBEE000899706 /* Info.plist */,
				B9F45AC7283D0CC000899706 /* AlzHelperApp.swift */,
				2AED3FB82850D4CD006159B7 /* Models */,
				2AED3FBA2850D52A006159B7 /* Data */,
				2AED3FB72850D4C0006159B7 /* Views */,
				2AED3FBB2850D551006159B7 /* Extensions */,
				B9F45ADC283D0F2B00899706 /* ML Image Classification */,
				B9F45AD5283D0CF200899706 /* Controllers */,
				B9F45ACB283D0CC100899706 /* Assets.xcassets */,
				B9B517B32852222200D481C2 /* Localizable.strings */,
				49647A03285A57A200112313 /* InfoPlist.strings */,
				B9F45AE3283D0FC600899706 /* MobileNet.mlmodel */,
				B9F45ACD283D0CC100899706 /* Preview Content */,
			);
			path = AlzHelper;
			sourceTree = "<group>";
		};
		B9F45ACD283D0CC100899706 /* Preview Content */ = {
			isa = PBXGroup;
			children = (
				B9F45ACE283D0CC100899706 /* Preview Assets.xcassets */,
			);
			path = "Preview Content";
			sourceTree = "<group>";
		};
		B9F45AD5283D0CF200899706 /* Controllers */ = {
			isa = PBXGroup;
			children = (
				B9483104284642FF003F521E /* ImagePickerView.swift */,
			);
			path = Controllers;
			sourceTree = "<group>";
		};
		B9F45ADC283D0F2B00899706 /* ML Image Classification */ = {
			isa = PBXGroup;
			children = (
				B9F45ADF283D0F8500899706 /* CGImagePropertyOrientation+UIImageOrientation.swift */,
				B9F45AE0283D0F8500899706 /* VNClassificationObservation+confidenceString.swift */,
				B9F45ADD283D0F6500899706 /* ImagePredictor.swift */,
			);
			path = "ML Image Classification";
			sourceTree = "<group>";
		};
/* End PBXGroup section */

/* Begin PBXNativeTarget section */
		B9F45AC3283D0CC000899706 /* AlzHelper */ = {
			isa = PBXNativeTarget;
			buildConfigurationList = B9F45AD2283D0CC100899706 /* Build configuration list for PBXNativeTarget "AlzHelper" */;
			buildPhases = (
				B9F45AC0283D0CC000899706 /* Sources */,
				B9F45AC1283D0CC000899706 /* Frameworks */,
				B9F45AC2283D0CC000899706 /* Resources */,
			);
			buildRules = (
			);
			dependencies = (
			);
			name = AlzHelper;
			productName = AlzHelper;
			productReference = B9F45AC4283D0CC000899706 /* AlzHelper.app */;
			productType = "com.apple.product-type.application";
		};
/* End PBXNativeTarget section */

/* Begin PBXProject section */
		B9F45ABC283D0CC000899706 /* Project object */ = {
			isa = PBXProject;
			attributes = {
				BuildIndependentTargetsInParallel = 1;
				LastSwiftUpdateCheck = 1340;
				LastUpgradeCheck = 1340;
				TargetAttributes = {
					B9F45AC3283D0CC000899706 = {
						CreatedOnToolsVersion = 13.4;
					};
				};
			};
			buildConfigurationList = B9F45ABF283D0CC000899706 /* Build configuration list for PBXProject "AlzHelper" */;
			compatibilityVersion = "Xcode 13.0";
			developmentRegion = en;
			hasScannedForEncodings = 0;
			knownRegions = (
				en,
				Base,
				it,
			);
			mainGroup = B9F45ABB283D0CC000899706;
			productRefGroup = B9F45AC5283D0CC000899706 /* Products */;
			projectDirPath = "";
			projectRoot = "";
			targets = (
				B9F45AC3283D0CC000899706 /* AlzHelper */,
			);
		};
/* End PBXProject section */

/* Begin PBXResourcesBuildPhase section */
		B9F45AC2283D0CC000899706 /* Resources */ = {
			isa = PBXResourcesBuildPhase;
			buildActionMask = 2147483647;
			files = (
				B9F45ACF283D0CC100899706 /* Preview Assets.xcassets in Resources */,
				49647A01285A57A200112313 /* InfoPlist.strings in Resources */,
				B9B517B12852222200D481C2 /* Localizable.strings in Resources */,
				B9F45AF128451C6200899706 /* items.json in Resources */,
				B9F45ACC283D0CC100899706 /* Assets.xcassets in Resources */,
			);
			runOnlyForDeploymentPostprocessing = 0;
		};
/* End PBXResourcesBuildPhase section */

/* Begin PBXSourcesBuildPhase section */
		B9F45AC0283D0CC000899706 /* Sources */ = {
			isa = PBXSourcesBuildPhase;
			buildActionMask = 2147483647;
			files = (
				2A3455AF285A7FFE00C3EA3C /* NetworkManager.swift in Sources */,
				49956BA22856003E00729618 /* TextAnimation.swift in Sources */,
				2A3455B1285B705200C3EA3C /* Pixabay.swift in Sources */,
				B9F45AE2283D0F8500899706 /* VNClassificationObservation+confidenceString.swift in Sources */,
				B9F45AED2844AE3200899706 /* CategoryView.swift in Sources */,
				B9F45AE4283D0FC600899706 /* MobileNet.mlmodel in Sources */,
				B9483105284642FF003F521E /* ImagePickerView.swift in Sources */,
				B9F45ACA283D0CC000899706 /* ContentView.swift in Sources */,
				B9F45AE1283D0F8500899706 /* CGImagePropertyOrientation+UIImageOrientation.swift in Sources */,
				2AEBDFA9284A493F0009D657 /* ButtonView.swift in Sources */,
				B912AF1F285A068F009D51C3 /* KeywordSearchView.swift in Sources */,
				B9F45AEF2844F8F100899706 /* GuessView.swift in Sources */,
				2AED3FBD2850D67E006159B7 /* Bundle+Extensions.swift in Sources */,
				B948310328462DD8003F521E /* String+Extensions.swift in Sources */,
				B9F45ADE283D0F6500899706 /* ImagePredictor.swift in Sources */,
				49A770292845926000971C6C /* NavigationRoot.swift in Sources */,
				B9F45AE72841057D00899706 /* LibraryView.swift in Sources */,
				B9F45AF32845417A00899706 /* Categories.swift in Sources */,
				2AEBDFA7284A48FE0009D657 /* OnboardingView.swift in Sources */,
				B9F45AC8283D0CC000899706 /* AlzHelperApp.swift in Sources */,
			);
			runOnlyForDeploymentPostprocessing = 0;
		};
/* End PBXSourcesBuildPhase section */

/* Begin PBXVariantGroup section */
		49647A03285A57A200112313 /* InfoPlist.strings */ = {
			isa = PBXVariantGroup;
			children = (
				49647A02285A57A200112313 /* en */,
				49647A04285A57A700112313 /* it */,
			);
			name = InfoPlist.strings;
			sourceTree = "<group>";
		};
		B9B517B32852222200D481C2 /* Localizable.strings */ = {
			isa = PBXVariantGroup;
			children = (
				B9B517B22852222200D481C2 /* en */,
				B9B517B42852222400D481C2 /* it */,
			);
			name = Localizable.strings;
			sourceTree = "<group>";
		};
/* End PBXVariantGroup section */

/* Begin XCBuildConfiguration section */
		B9F45AD0283D0CC100899706 /* Debug */ = {
			isa = XCBuildConfiguration;
			buildSettings = {
				ALWAYS_SEARCH_USER_PATHS = NO;
				CLANG_ANALYZER_NONNULL = YES;
				CLANG_ANALYZER_NUMBER_OBJECT_CONVERSION = YES_AGGRESSIVE;
				CLANG_CXX_LANGUAGE_STANDARD = "gnu++17";
				CLANG_ENABLE_MODULES = YES;
				CLANG_ENABLE_OBJC_ARC = YES;
				CLANG_ENABLE_OBJC_WEAK = YES;
				CLANG_WARN_BLOCK_CAPTURE_AUTORELEASING = YES;
				CLANG_WARN_BOOL_CONVERSION = YES;
				CLANG_WARN_COMMA = YES;
				CLANG_WARN_CONSTANT_CONVERSION = YES;
				CLANG_WARN_DEPRECATED_OBJC_IMPLEMENTATIONS = YES;
				CLANG_WARN_DIRECT_OBJC_ISA_USAGE = YES_ERROR;
				CLANG_WARN_DOCUMENTATION_COMMENTS = YES;
				CLANG_WARN_EMPTY_BODY = YES;
				CLANG_WARN_ENUM_CONVERSION = YES;
				CLANG_WARN_INFINITE_RECURSION = YES;
				CLANG_WARN_INT_CONVERSION = YES;
				CLANG_WARN_NON_LITERAL_NULL_CONVERSION = YES;
				CLANG_WARN_OBJC_IMPLICIT_RETAIN_SELF = YES;
				CLANG_WARN_OBJC_LITERAL_CONVERSION = YES;
				CLANG_WARN_OBJC_ROOT_CLASS = YES_ERROR;
				CLANG_WARN_QUOTED_INCLUDE_IN_FRAMEWORK_HEADER = YES;
				CLANG_WARN_RANGE_LOOP_ANALYSIS = YES;
				CLANG_WARN_STRICT_PROTOTYPES = YES;
				CLANG_WARN_SUSPICIOUS_MOVE = YES;
				CLANG_WARN_UNGUARDED_AVAILABILITY = YES_AGGRESSIVE;
				CLANG_WARN_UNREACHABLE_CODE = YES;
				CLANG_WARN__DUPLICATE_METHOD_MATCH = YES;
				COPY_PHASE_STRIP = NO;
				DEBUG_INFORMATION_FORMAT = dwarf;
				ENABLE_STRICT_OBJC_MSGSEND = YES;
				ENABLE_TESTABILITY = YES;
				GCC_C_LANGUAGE_STANDARD = gnu11;
				GCC_DYNAMIC_NO_PIC = NO;
				GCC_NO_COMMON_BLOCKS = YES;
				GCC_OPTIMIZATION_LEVEL = 0;
				GCC_PREPROCESSOR_DEFINITIONS = (
					"DEBUG=1",
					"$(inherited)",
				);
				GCC_WARN_64_TO_32_BIT_CONVERSION = YES;
				GCC_WARN_ABOUT_RETURN_TYPE = YES_ERROR;
				GCC_WARN_UNDECLARED_SELECTOR = YES;
				GCC_WARN_UNINITIALIZED_AUTOS = YES_AGGRESSIVE;
				GCC_WARN_UNUSED_FUNCTION = YES;
				GCC_WARN_UNUSED_VARIABLE = YES;
				IPHONEOS_DEPLOYMENT_TARGET = 14.0;
				MTL_ENABLE_DEBUG_INFO = INCLUDE_SOURCE;
				MTL_FAST_MATH = YES;
				ONLY_ACTIVE_ARCH = YES;
				SDKROOT = iphoneos;
				SWIFT_ACTIVE_COMPILATION_CONDITIONS = DEBUG;
				SWIFT_OPTIMIZATION_LEVEL = "-Onone";
			};
			name = Debug;
		};
		B9F45AD1283D0CC100899706 /* Release */ = {
			isa = XCBuildConfiguration;
			buildSettings = {
				ALWAYS_SEARCH_USER_PATHS = NO;
				CLANG_ANALYZER_NONNULL = YES;
				CLANG_ANALYZER_NUMBER_OBJECT_CONVERSION = YES_AGGRESSIVE;
				CLANG_CXX_LANGUAGE_STANDARD = "gnu++17";
				CLANG_ENABLE_MODULES = YES;
				CLANG_ENABLE_OBJC_ARC = YES;
				CLANG_ENABLE_OBJC_WEAK = YES;
				CLANG_WARN_BLOCK_CAPTURE_AUTORELEASING = YES;
				CLANG_WARN_BOOL_CONVERSION = YES;
				CLANG_WARN_COMMA = YES;
				CLANG_WARN_CONSTANT_CONVERSION = YES;
				CLANG_WARN_DEPRECATED_OBJC_IMPLEMENTATIONS = YES;
				CLANG_WARN_DIRECT_OBJC_ISA_USAGE = YES_ERROR;
				CLANG_WARN_DOCUMENTATION_COMMENTS = YES;
				CLANG_WARN_EMPTY_BODY = YES;
				CLANG_WARN_ENUM_CONVERSION = YES;
				CLANG_WARN_INFINITE_RECURSION = YES;
				CLANG_WARN_INT_CONVERSION = YES;
				CLANG_WARN_NON_LITERAL_NULL_CONVERSION = YES;
				CLANG_WARN_OBJC_IMPLICIT_RETAIN_SELF = YES;
				CLANG_WARN_OBJC_LITERAL_CONVERSION = YES;
				CLANG_WARN_OBJC_ROOT_CLASS = YES_ERROR;
				CLANG_WARN_QUOTED_INCLUDE_IN_FRAMEWORK_HEADER = YES;
				CLANG_WARN_RANGE_LOOP_ANALYSIS = YES;
				CLANG_WARN_STRICT_PROTOTYPES = YES;
				CLANG_WARN_SUSPICIOUS_MOVE = YES;
				CLANG_WARN_UNGUARDED_AVAILABILITY = YES_AGGRESSIVE;
				CLANG_WARN_UNREACHABLE_CODE = YES;
				CLANG_WARN__DUPLICATE_METHOD_MATCH = YES;
				COPY_PHASE_STRIP = NO;
				DEBUG_INFORMATION_FORMAT = "dwarf-with-dsym";
				ENABLE_NS_ASSERTIONS = NO;
				ENABLE_STRICT_OBJC_MSGSEND = YES;
				GCC_C_LANGUAGE_STANDARD = gnu11;
				GCC_NO_COMMON_BLOCKS = YES;
				GCC_WARN_64_TO_32_BIT_CONVERSION = YES;
				GCC_WARN_ABOUT_RETURN_TYPE = YES_ERROR;
				GCC_WARN_UNDECLARED_SELECTOR = YES;
				GCC_WARN_UNINITIALIZED_AUTOS = YES_AGGRESSIVE;
				GCC_WARN_UNUSED_FUNCTION = YES;
				GCC_WARN_UNUSED_VARIABLE = YES;
				IPHONEOS_DEPLOYMENT_TARGET = 14.0;
				MTL_ENABLE_DEBUG_INFO = NO;
				MTL_FAST_MATH = YES;
				SDKROOT = iphoneos;
				SWIFT_COMPILATION_MODE = wholemodule;
				SWIFT_OPTIMIZATION_LEVEL = "-O";
				VALIDATE_PRODUCT = YES;
			};
			name = Release;
		};
		B9F45AD3283D0CC100899706 /* Debug */ = {
			isa = XCBuildConfiguration;
			buildSettings = {
				ASSETCATALOG_COMPILER_APPICON_NAME = AppIcon;
				ASSETCATALOG_COMPILER_GLOBAL_ACCENT_COLOR_NAME = AccentColor;
				CODE_SIGN_STYLE = Automatic;
				CURRENT_PROJECT_VERSION = 5;
				DEVELOPMENT_ASSET_PATHS = "\"AlzHelper/Preview Content\"";
				DEVELOPMENT_TEAM = 2LK4JE65RJ;
				ENABLE_PREVIEWS = YES;
				GENERATE_INFOPLIST_FILE = YES;
				INFOPLIST_FILE = AlzHelper/Info.plist;
				INFOPLIST_KEY_CFBundleDisplayName = Remoria;
				INFOPLIST_KEY_NSCameraUsageDescription = "Remoria needs your camera to recognize objects";
				INFOPLIST_KEY_UIApplicationSceneManifest_Generation = YES;
				INFOPLIST_KEY_UIApplicationSupportsIndirectInputEvents = YES;
				INFOPLIST_KEY_UILaunchScreen_Generation = YES;
				INFOPLIST_KEY_UISupportedInterfaceOrientations_iPad = "UIInterfaceOrientationPortrait UIInterfaceOrientationPortraitUpsideDown UIInterfaceOrientationLandscapeLeft UIInterfaceOrientationLandscapeRight";
				INFOPLIST_KEY_UISupportedInterfaceOrientations_iPhone = UIInterfaceOrientationPortrait;
				IPHONEOS_DEPLOYMENT_TARGET = 15.0;
				LD_RUNPATH_SEARCH_PATHS = (
					"$(inherited)",
					"@executable_path/Frameworks",
				);
				MARKETING_VERSION = 1.0;
				PRODUCT_BUNDLE_IDENTIFIER = com.WindsOfChange;
				PRODUCT_NAME = "$(TARGET_NAME)";
				SWIFT_EMIT_LOC_STRINGS = YES;
				SWIFT_VERSION = 5.0;
				TARGETED_DEVICE_FAMILY = "1,2";
			};
			name = Debug;
		};
		B9F45AD4283D0CC100899706 /* Release */ = {
			isa = XCBuildConfiguration;
			buildSettings = {
				ASSETCATALOG_COMPILER_APPICON_NAME = AppIcon;
				ASSETCATALOG_COMPILER_GLOBAL_ACCENT_COLOR_NAME = AccentColor;
				CODE_SIGN_STYLE = Automatic;
				CURRENT_PROJECT_VERSION = 5;
				DEVELOPMENT_ASSET_PATHS = "\"AlzHelper/Preview Content\"";
				DEVELOPMENT_TEAM = 2LK4JE65RJ;
				ENABLE_PREVIEWS = YES;
				GENERATE_INFOPLIST_FILE = YES;
				INFOPLIST_FILE = AlzHelper/Info.plist;
				INFOPLIST_KEY_CFBundleDisplayName = Remoria;
				INFOPLIST_KEY_NSCameraUsageDescription = "Remoria needs your camera to recognize objects";
				INFOPLIST_KEY_UIApplicationSceneManifest_Generation = YES;
				INFOPLIST_KEY_UIApplicationSupportsIndirectInputEvents = YES;
				INFOPLIST_KEY_UILaunchScreen_Generation = YES;
				INFOPLIST_KEY_UISupportedInterfaceOrientations_iPad = "UIInterfaceOrientationPortrait UIInterfaceOrientationPortraitUpsideDown UIInterfaceOrientationLandscapeLeft UIInterfaceOrientationLandscapeRight";
				INFOPLIST_KEY_UISupportedInterfaceOrientations_iPhone = UIInterfaceOrientationPortrait;
				IPHONEOS_DEPLOYMENT_TARGET = 15.0;
				LD_RUNPATH_SEARCH_PATHS = (
					"$(inherited)",
					"@executable_path/Frameworks",
				);
				MARKETING_VERSION = 1.0;
				PRODUCT_BUNDLE_IDENTIFIER = com.WindsOfChange;
				PRODUCT_NAME = "$(TARGET_NAME)";
				SWIFT_EMIT_LOC_STRINGS = YES;
				SWIFT_VERSION = 5.0;
				TARGETED_DEVICE_FAMILY = "1,2";
			};
			name = Release;
		};
/* End XCBuildConfiguration section */

/* Begin XCConfigurationList section */
		B9F45ABF283D0CC000899706 /* Build configuration list for PBXProject "AlzHelper" */ = {
			isa = XCConfigurationList;
			buildConfigurations = (
				B9F45AD0283D0CC100899706 /* Debug */,
				B9F45AD1283D0CC100899706 /* Release */,
			);
			defaultConfigurationIsVisible = 0;
			defaultConfigurationName = Release;
		};
		B9F45AD2283D0CC100899706 /* Build configuration list for PBXNativeTarget "AlzHelper" */ = {
			isa = XCConfigurationList;
			buildConfigurations = (
				B9F45AD3283D0CC100899706 /* Debug */,
				B9F45AD4283D0CC100899706 /* Release */,
			);
			defaultConfigurationIsVisible = 0;
			defaultConfigurationName = Release;
		};
/* End XCConfigurationList section */
	};
	rootObject = B9F45ABC283D0CC000899706 /* Project object */;
}
